
Microsoft Visual Studio Solution File, Format Version 12.00
# Visual Studio Version 17
VisualStudioVersion = 17.7.34202.233
MinimumVisualStudioVersion = 10.0.40219.1
Project("{FAE04EC0-301F-11D3-BF4B-00C04F79EFBC}") = "vjezba1", "vjezba1\vjezba1.csproj", "{CF5A29F2-BB37-4B2C-95C6-2F9F97AE654A}"
EndProject
Global
	GlobalSection(SolutionConfigurationPlatforms) = preSolution
		Debug|Any CPU = Debug|Any CPU
		Release|Any CPU = Release|Any CPU
	EndGlobalSection
	GlobalSection(ProjectConfigurationPlatforms) = postSolution
		{CF5A29F2-BB37-4B2C-95C6-2F9F97AE654A}.Debug|Any CPU.ActiveCfg = Debug|Any CPU
		{CF5A29F2-BB37-4B2C-95C6-2F9F97AE654A}.Debug|Any CPU.Build.0 = Debug|Any CPU
		{CF5A29F2-BB37-4B2C-95C6-2F9F97AE654A}.Release|Any CPU.ActiveCfg = Release|Any CPU
		{CF5A29F2-BB37-4B2C-95C6-2F9F97AE654A}.Release|Any CPU.Build.0 = Release|Any CPU
	EndGlobalSection
	GlobalSection(SolutionProperties) = preSolution
		HideSolutionNode = FALSE
	EndGlobalSection
	GlobalSection(ExtensibilityGlobals) = postSolution
		SolutionGuid = {A8C5B4B0-AEA7-4EBA-AECF-49111D8B922B}
	EndGlobalSection
EndGlobal
